{
  "name": "vpc-flow-logs-es",
  "version": "0.1.0",
  "lockfileVersion": 1,
  "requires": true,
  "dependencies": {
    "@aws-cdk/assets": {
      "version": "1.18.0",
      "resolved": "https://registry.npmjs.org/@aws-cdk/assets/-/assets-1.18.0.tgz",
      "integrity": "sha512-mkb4lR3JzWoQyKdHbkri5v6NuKEQNJ9gbbyoad61nTCfdRbpKfJ8agEzhT/9F7FdsPdCZuDFGAxxRYOBw5B1Jw==",
      "requires": {
        "@aws-cdk/core": "1.18.0",
        "@aws-cdk/cx-api": "1.18.0",
        "minimatch": "^3.0.4"
      },
      "dependencies": {
        "balanced-match": {
          "version": "1.0.0",
          "bundled": true
        },
        "brace-expansion": {
          "version": "1.1.11",
          "bundled": true,
          "requires": {
            "balanced-match": "^1.0.0",
            "concat-map": "0.0.1"
          }
        },
        "concat-map": {
          "version": "0.0.1",
          "bundled": true
        },
        "minimatch": {
          "version": "3.0.4",
          "bundled": true,
          "requires": {
            "brace-expansion": "^1.1.7"
          }
        }
      }
    },
    "@aws-cdk/aws-apigateway": {
      "version": "1.18.0",
      "resolved": "https://registry.npmjs.org/@aws-cdk/aws-apigateway/-/aws-apigateway-1.18.0.tgz",
      "integrity": "sha512-GiUGUm4CewAdSW5gpY298CNRSLtVVyVffnGDaXElNL6/EUj9jj5WCoeqK2XGXsJFrOjaW/5/+UewlOx7FQZiLg==",
      "requires": {
        "@aws-cdk/aws-certificatemanager": "1.18.0",
        "@aws-cdk/aws-elasticloadbalancingv2": "1.18.0",
        "@aws-cdk/aws-iam": "1.18.0",
        "@aws-cdk/aws-lambda": "1.18.0",
        "@aws-cdk/core": "1.18.0"
      }
    },
    "@aws-cdk/aws-applicationautoscaling": {
      "version": "1.18.0",
      "resolved": "https://registry.npmjs.org/@aws-cdk/aws-applicationautoscaling/-/aws-applicationautoscaling-1.18.0.tgz",
      "integrity": "sha512-hZFmj1gSQFvRB3hAj6X/ttGtLq2paT3IvSIlYWKZabnyosWfFYfLObsShjgdKp/BrrRago6PzCCQcYHUK7dxBg==",
      "requires": {
        "@aws-cdk/aws-autoscaling-common": "1.18.0",
        "@aws-cdk/aws-cloudwatch": "1.18.0",
        "@aws-cdk/aws-iam": "1.18.0",
        "@aws-cdk/core": "1.18.0"
      }
    },
    "@aws-cdk/aws-autoscaling-common": {
      "version": "1.18.0",
      "resolved": "https://registry.npmjs.org/@aws-cdk/aws-autoscaling-common/-/aws-autoscaling-common-1.18.0.tgz",
      "integrity": "sha512-nr6oI9qVo4tGXKfcI3PHxzOn2dhkL8gGjxCLNDUCFkugUr3XpmfboCEM0Amn1A1gqgES/3D7fVbOLaxtxU2WZg==",
      "requires": {
        "@aws-cdk/aws-iam": "1.18.0",
        "@aws-cdk/core": "1.18.0"
      }
    },
    "@aws-cdk/aws-certificatemanager": {
      "version": "1.18.0",
      "resolved": "https://registry.npmjs.org/@aws-cdk/aws-certificatemanager/-/aws-certificatemanager-1.18.0.tgz",
      "integrity": "sha512-JXrXJkw6y0J8wiIBUmhMO4icKyILRBm8r2WPjGcep28oF+FYBQGYbD97R5z/5+NJAdb4r06Bu/cNmgleNR4kTw==",
      "requires": {
        "@aws-cdk/aws-cloudformation": "1.18.0",
        "@aws-cdk/aws-iam": "1.18.0",
        "@aws-cdk/aws-lambda": "1.18.0",
        "@aws-cdk/aws-route53": "1.18.0",
        "@aws-cdk/core": "1.18.0"
      }
    },
    "@aws-cdk/aws-cloudformation": {
      "version": "1.18.0",
      "resolved": "https://registry.npmjs.org/@aws-cdk/aws-cloudformation/-/aws-cloudformation-1.18.0.tgz",
      "integrity": "sha512-cCkz9pZwimlQMlToWwM0r9hlRY1TLi+7LNhbpiKclKbJx6qM/Hbw366CZf7JnKKeM85k/8eEGi54S85fK48fSQ==",
      "requires": {
        "@aws-cdk/aws-iam": "1.18.0",
        "@aws-cdk/aws-lambda": "1.18.0",
        "@aws-cdk/aws-s3": "1.18.0",
        "@aws-cdk/aws-sns": "1.18.0",
        "@aws-cdk/core": "1.18.0",
        "@aws-cdk/cx-api": "1.18.0"
      }
    },
    "@aws-cdk/aws-cloudwatch": {
      "version": "1.18.0",
      "resolved": "https://registry.npmjs.org/@aws-cdk/aws-cloudwatch/-/aws-cloudwatch-1.18.0.tgz",
      "integrity": "sha512-/Lgp/Q/2CSNWnf3DpcNkg+OfZ3BOkRp8gBJUMMgY0mYSRcXyDj9jy2CC1RrYj1G9R2tcyGxlplLoEndtqIiBcA==",
      "requires": {
        "@aws-cdk/aws-iam": "1.18.0",
        "@aws-cdk/core": "1.18.0"
      }
    },
    "@aws-cdk/aws-dynamodb": {
      "version": "1.18.0",
      "resolved": "https://registry.npmjs.org/@aws-cdk/aws-dynamodb/-/aws-dynamodb-1.18.0.tgz",
      "integrity": "sha512-LUTNaZ5J894kT88MNKWkqQFxxfjDj9AV7qle1U7lIxq18B9At9O0pNY74ayZF7TZQlPk3ra9Cu5fjFeKpx0Ukg==",
      "requires": {
        "@aws-cdk/aws-applicationautoscaling": "1.18.0",
        "@aws-cdk/aws-iam": "1.18.0",
        "@aws-cdk/core": "1.18.0"
      }
    },
    "@aws-cdk/aws-ec2": {
      "version": "1.18.0",
      "resolved": "https://registry.npmjs.org/@aws-cdk/aws-ec2/-/aws-ec2-1.18.0.tgz",
      "integrity": "sha512-xWPlRBo9lj7u7/ib+AE+RTynH+4NVha2/l4WjTLM/msSO+vSXxGg5b8KAw194zuqRH1HCw6r+g4MIbD9gmb1gg==",
      "requires": {
        "@aws-cdk/aws-cloudwatch": "1.18.0",
        "@aws-cdk/aws-iam": "1.18.0",
        "@aws-cdk/aws-ssm": "1.18.0",
        "@aws-cdk/core": "1.18.0",
        "@aws-cdk/cx-api": "1.18.0"
      }
    },
    "@aws-cdk/aws-elasticloadbalancingv2": {
      "version": "1.18.0",
      "resolved": "https://registry.npmjs.org/@aws-cdk/aws-elasticloadbalancingv2/-/aws-elasticloadbalancingv2-1.18.0.tgz",
      "integrity": "sha512-ZsquayhYGkCQDa2SgziseuCc4g7vA3iIWWk/IYd7wBjQhmTbnjSjgn+DemOZJpNHU6oCZizIlJGP0dXoykFczw==",
      "requires": {
        "@aws-cdk/aws-certificatemanager": "1.18.0",
        "@aws-cdk/aws-cloudwatch": "1.18.0",
        "@aws-cdk/aws-ec2": "1.18.0",
        "@aws-cdk/aws-iam": "1.18.0",
        "@aws-cdk/aws-lambda": "1.18.0",
        "@aws-cdk/aws-s3": "1.18.0",
        "@aws-cdk/core": "1.18.0"
      }
    },
    "@aws-cdk/aws-elasticsearch": {
      "version": "1.18.0",
      "resolved": "https://registry.npmjs.org/@aws-cdk/aws-elasticsearch/-/aws-elasticsearch-1.18.0.tgz",
      "integrity": "sha512-T4Jo0PuPHsFmtvmtwi8S2mJuZH7CYbpMFJM0UCHCqAwz4xRCr0LXTBv6A19oCCk8spH9Fth7btfuxSRMJU7fKQ==",
      "requires": {
        "@aws-cdk/core": "1.18.0"
      }
    },
    "@aws-cdk/aws-events": {
      "version": "1.18.0",
      "resolved": "https://registry.npmjs.org/@aws-cdk/aws-events/-/aws-events-1.18.0.tgz",
      "integrity": "sha512-SPuOM3SoJH7TAwMvbWz+paEOSPtGqXnbdt0bKfY/ZPEHvmW2hmGdUS7kIPZauMc/TzOyi/YIxWX8a4FY1htCdQ==",
      "requires": {
        "@aws-cdk/aws-iam": "1.18.0",
        "@aws-cdk/core": "1.18.0"
      }
    },
    "@aws-cdk/aws-iam": {
      "version": "1.18.0",
      "resolved": "https://registry.npmjs.org/@aws-cdk/aws-iam/-/aws-iam-1.18.0.tgz",
      "integrity": "sha512-rl+1Oo1S5jZhAAxD1bR9ddBxIajyZ3LDpmGxiU1Y/4ZiwRlv/CKODOfhbNZUC4qHCeDFHUVUOjIYo2PRHRNmCA==",
      "requires": {
        "@aws-cdk/core": "1.18.0",
        "@aws-cdk/region-info": "1.18.0"
      }
    },
    "@aws-cdk/aws-kinesis": {
      "version": "1.18.0",
      "resolved": "https://registry.npmjs.org/@aws-cdk/aws-kinesis/-/aws-kinesis-1.18.0.tgz",
      "integrity": "sha512-9fuw/O59VhTLlK4SEKxHs/jylEGpyBFD8HT5UipmpAAEFpLrVjkIpiF/n6OQiaCux8KBRXvNrhrOzCESudnFGQ==",
      "requires": {
        "@aws-cdk/aws-iam": "1.18.0",
        "@aws-cdk/aws-kms": "1.18.0",
        "@aws-cdk/aws-logs": "1.18.0",
        "@aws-cdk/core": "1.18.0"
      }
    },
    "@aws-cdk/aws-kinesisfirehose": {
      "version": "1.18.0",
      "resolved": "https://registry.npmjs.org/@aws-cdk/aws-kinesisfirehose/-/aws-kinesisfirehose-1.18.0.tgz",
      "integrity": "sha512-VsPMC7X5ivupyhnQG1/oTRTN11KnIsbAP9VSyfkOweKjCYIWfaXkR4wexJvhJJt07oa34QIgWxGVsl2BbnWyTA==",
      "requires": {
        "@aws-cdk/core": "1.18.0"
      }
    },
    "@aws-cdk/aws-kms": {
      "version": "1.18.0",
      "resolved": "https://registry.npmjs.org/@aws-cdk/aws-kms/-/aws-kms-1.18.0.tgz",
      "integrity": "sha512-EMt3RgmUWOMPgifwL6fIV1AotHDTEszEFcM/600etPa3QEOT74szXJGPNu55mhM2wzu5Gb/j3SNl209ys2+Zww==",
      "requires": {
        "@aws-cdk/aws-iam": "1.18.0",
        "@aws-cdk/core": "1.18.0"
      }
    },
    "@aws-cdk/aws-lambda": {
      "version": "1.18.0",
      "resolved": "https://registry.npmjs.org/@aws-cdk/aws-lambda/-/aws-lambda-1.18.0.tgz",
      "integrity": "sha512-jL3mZuHkDFDa7Yq1a4kCcODWBUoG/xhbtt1aKWqZ+w+jA2p/5SU8Yx9iJv7WWCz3bKUB7A4m0vJe/hABmr16KQ==",
      "requires": {
        "@aws-cdk/aws-cloudwatch": "1.18.0",
        "@aws-cdk/aws-ec2": "1.18.0",
        "@aws-cdk/aws-events": "1.18.0",
        "@aws-cdk/aws-iam": "1.18.0",
        "@aws-cdk/aws-logs": "1.18.0",
        "@aws-cdk/aws-s3": "1.18.0",
        "@aws-cdk/aws-s3-assets": "1.18.0",
        "@aws-cdk/aws-sqs": "1.18.0",
        "@aws-cdk/core": "1.18.0",
        "@aws-cdk/cx-api": "1.18.0"
      }
    },
    "@aws-cdk/aws-lambda-event-sources": {
      "version": "1.18.0",
      "resolved": "https://registry.npmjs.org/@aws-cdk/aws-lambda-event-sources/-/aws-lambda-event-sources-1.18.0.tgz",
      "integrity": "sha512-uJh/Qn4mCs1K+V9LiLA2gFOayLZbyFdHTzFS4wrIMRBWzOhuEDLUppgGcJTAwsIi3UXSadCUSNp2MOpYu211Ig==",
      "requires": {
        "@aws-cdk/aws-apigateway": "1.18.0",
        "@aws-cdk/aws-dynamodb": "1.18.0",
        "@aws-cdk/aws-events": "1.18.0",
        "@aws-cdk/aws-iam": "1.18.0",
        "@aws-cdk/aws-kinesis": "1.18.0",
        "@aws-cdk/aws-lambda": "1.18.0",
        "@aws-cdk/aws-s3": "1.18.0",
        "@aws-cdk/aws-s3-notifications": "1.18.0",
        "@aws-cdk/aws-sns": "1.18.0",
        "@aws-cdk/aws-sns-subscriptions": "1.18.0",
        "@aws-cdk/aws-sqs": "1.18.0",
        "@aws-cdk/core": "1.18.0"
      }
    },
    "@aws-cdk/aws-logs": {
      "version": "1.18.0",
      "resolved": "https://registry.npmjs.org/@aws-cdk/aws-logs/-/aws-logs-1.18.0.tgz",
      "integrity": "sha512-QKyIwv1MRBx7RLRn2XR/HUoYw6OPzaqe5zVNjLy5A+rAekCz3TE/yuRsjUXN+75I8Rbgw5wRTZ/1YRLf82wjhA==",
      "requires": {
        "@aws-cdk/aws-cloudwatch": "1.18.0",
        "@aws-cdk/aws-iam": "1.18.0",
        "@aws-cdk/core": "1.18.0"
      }
    },
    "@aws-cdk/aws-route53": {
      "version": "1.18.0",
      "resolved": "https://registry.npmjs.org/@aws-cdk/aws-route53/-/aws-route53-1.18.0.tgz",
      "integrity": "sha512-v/FiOL6jeRiCGvp0QA5YqVfgocoWF0jUKKOTDaUGOqtXKZ3v01uy/43zqRYhQ7EZZJZhOtEzNkrTLCXn9DMpDw==",
      "requires": {
        "@aws-cdk/aws-ec2": "1.18.0",
        "@aws-cdk/aws-logs": "1.18.0",
        "@aws-cdk/core": "1.18.0",
        "@aws-cdk/cx-api": "1.18.0"
      }
    },
    "@aws-cdk/aws-s3": {
      "version": "1.18.0",
      "resolved": "https://registry.npmjs.org/@aws-cdk/aws-s3/-/aws-s3-1.18.0.tgz",
      "integrity": "sha512-i50+7AEC8bMrxhB/0/eCg+JgiQTsvTEkZK1PPP1dncYQPi73uq9vk5RRVicdOtX6jvFz2aKUxWiVc3PdVuXRyQ==",
      "requires": {
        "@aws-cdk/aws-events": "1.18.0",
        "@aws-cdk/aws-iam": "1.18.0",
        "@aws-cdk/aws-kms": "1.18.0",
        "@aws-cdk/core": "1.18.0"
      }
    },
    "@aws-cdk/aws-s3-assets": {
      "version": "1.18.0",
      "resolved": "https://registry.npmjs.org/@aws-cdk/aws-s3-assets/-/aws-s3-assets-1.18.0.tgz",
      "integrity": "sha512-roDtShya5Vyda8eBktH+pIMftN2EuHa3k7/vxKqIpBAZJ+ne5c77XZxWWxqQzaukmlSZJYN0JBrDT1Bg+cJrwQ==",
      "requires": {
        "@aws-cdk/assets": "1.18.0",
        "@aws-cdk/aws-iam": "1.18.0",
        "@aws-cdk/aws-s3": "1.18.0",
        "@aws-cdk/core": "1.18.0",
        "@aws-cdk/cx-api": "1.18.0"
      }
    },
    "@aws-cdk/aws-s3-notifications": {
      "version": "1.18.0",
      "resolved": "https://registry.npmjs.org/@aws-cdk/aws-s3-notifications/-/aws-s3-notifications-1.18.0.tgz",
      "integrity": "sha512-wW3nNeoRLsTfljXXNUh/XP9qiLtBtjwpt1c5SSgX1qSrCmGrsEUUA760sRGwAJhtjOLWCCbO6hOQWaFLnI9joQ==",
      "requires": {
        "@aws-cdk/aws-iam": "1.18.0",
        "@aws-cdk/aws-lambda": "1.18.0",
        "@aws-cdk/aws-s3": "1.18.0",
        "@aws-cdk/aws-sns": "1.18.0",
        "@aws-cdk/aws-sqs": "1.18.0",
        "@aws-cdk/core": "1.18.0"
      }
    },
    "@aws-cdk/aws-sns": {
      "version": "1.18.0",
      "resolved": "https://registry.npmjs.org/@aws-cdk/aws-sns/-/aws-sns-1.18.0.tgz",
      "integrity": "sha512-kDCiGfRcPyxqM9HSl9+ikOlNPkVpG3i59HibXxI2OlZSNabQ+vJRUXKHkuc7N/mzlHLpGB5wLfsY4NqzZwwyeQ==",
      "requires": {
        "@aws-cdk/aws-cloudwatch": "1.18.0",
        "@aws-cdk/aws-events": "1.18.0",
        "@aws-cdk/aws-iam": "1.18.0",
        "@aws-cdk/core": "1.18.0"
      }
    },
    "@aws-cdk/aws-sns-subscriptions": {
      "version": "1.18.0",
      "resolved": "https://registry.npmjs.org/@aws-cdk/aws-sns-subscriptions/-/aws-sns-subscriptions-1.18.0.tgz",
      "integrity": "sha512-wOhhY92nDZBFSaS5Wz8IVo7uT2KeYBx4ej6y0n4d5RiuZ/Bl0mgUqS5W69EyAgZAdi4uclU1R5Uo2G9sCEw1CA==",
      "requires": {
        "@aws-cdk/aws-iam": "1.18.0",
        "@aws-cdk/aws-lambda": "1.18.0",
        "@aws-cdk/aws-sns": "1.18.0",
        "@aws-cdk/aws-sqs": "1.18.0",
        "@aws-cdk/core": "1.18.0"
      }
    },
    "@aws-cdk/aws-sqs": {
      "version": "1.18.0",
      "resolved": "https://registry.npmjs.org/@aws-cdk/aws-sqs/-/aws-sqs-1.18.0.tgz",
      "integrity": "sha512-oXmP43Jn2EdUv/n/VAYRvAU4LDbmXS3IJbzxoCvA9VG8q6ZE9rmooTAIhjY/gYGHTL9FNfySPw7YnRa9FApFhg==",
      "requires": {
        "@aws-cdk/aws-cloudwatch": "1.18.0",
        "@aws-cdk/aws-iam": "1.18.0",
        "@aws-cdk/aws-kms": "1.18.0",
        "@aws-cdk/core": "1.18.0"
      }
    },
    "@aws-cdk/aws-ssm": {
      "version": "1.18.0",
      "resolved": "https://registry.npmjs.org/@aws-cdk/aws-ssm/-/aws-ssm-1.18.0.tgz",
      "integrity": "sha512-8wnELHCneIez6au0PMPYqrxPXLvIstVEDiNdykTHCZ+lHIVKn/xLIXYMFuiC1CDPnVZr46eegCOHzO3l7cscWw==",
      "requires": {
        "@aws-cdk/aws-iam": "1.18.0",
        "@aws-cdk/aws-kms": "1.18.0",
        "@aws-cdk/core": "1.18.0",
        "@aws-cdk/cx-api": "1.18.0"
      }
    },
    "@aws-cdk/core": {
      "version": "1.18.0",
      "resolved": "https://registry.npmjs.org/@aws-cdk/core/-/core-1.18.0.tgz",
      "integrity": "sha512-9/VCu0X/McR/VPpEnFLKQ08Nc6xsjwJEA5LA3yIh6RSnFpIcQhu4IhDcoRG6OXjiOIDXk1rFf1Tu8pHevame6g==",
      "requires": {
        "@aws-cdk/cx-api": "1.18.0"
      }
    },
    "@aws-cdk/cx-api": {
      "version": "1.18.0",
      "resolved": "https://registry.npmjs.org/@aws-cdk/cx-api/-/cx-api-1.18.0.tgz",
      "integrity": "sha512-2v7eeErBOtjhGjvxSutWP1pddb1lXOf91uGXym2DGq+t3YobM3rDWZW3bkBRtVCx8ZJ/6V+3qCJ10dMzto2xNQ==",
      "requires": {
        "semver": "^6.3.0"
      },
      "dependencies": {
        "semver": {
          "version": "6.3.0",
          "bundled": true
        }
      }
    },
    "@aws-cdk/region-info": {
      "version": "1.18.0",
      "resolved": "https://registry.npmjs.org/@aws-cdk/region-info/-/region-info-1.18.0.tgz",
      "integrity": "sha512-6nWNf/IXgByFWf0iaV71Q6ocSaYzuAqvyqFIPfzXSAsSeKtoljC1ih9tzhZbbLrf8fHrM4DW3DPYxYUJrRf/DA=="
    },
    "@types/node": {
      "version": "8.10.45",
      "resolved": "https://registry.npmjs.org/@types/node/-/node-8.10.45.tgz",
      "integrity": "sha512-tGVTbA+i3qfXsLbq9rEq/hezaHY55QxQLeXQL2ejNgFAxxrgu8eMmYIOsRcl7hN1uTLVsKOOYacV/rcJM3sfgQ==",
      "dev": true
    },
    "arg": {
      "version": "4.1.2",
      "resolved": "https://registry.npmjs.org/arg/-/arg-4.1.2.tgz",
      "integrity": "sha512-+ytCkGcBtHZ3V2r2Z06AncYO8jz46UEamcspGoU8lHcEbpn6J77QK0vdWvChsclg/tM5XIJC5tnjmPp7Eq6Obg==",
      "dev": true
    },
    "aws-cdk": {
      "version": "1.174.0",
      "resolved": "https://registry.npmjs.org/aws-cdk/-/aws-cdk-1.174.0.tgz",
      "integrity": "sha512-cAnJ1vx8p0sFoHR5IP4YKd4l3lN7s9Y7+umwb4eNgWr+XSgUbuYiJgS/FD57hIbHN1uoBih3QAE0RA62LVJSFw==",
      "dev": true,
      "requires": {
        "fsevents": "2.3.2"
      }
    },
    "buffer-from": {
      "version": "1.1.1",
      "resolved": "https://registry.npmjs.org/buffer-from/-/buffer-from-1.1.1.tgz",
      "integrity": "sha512-MQcXEUbCKtEo7bhqEs6560Hyd4XaovZlO/k9V3hjVUF/zwW7KBVdSK4gIt/bzwS9MbR5qob+F5jusZsb0YQK2A=="
    },
    "diff": {
      "version": "4.0.1",
      "resolved": "https://registry.npmjs.org/diff/-/diff-4.0.1.tgz",
      "integrity": "sha512-s2+XdvhPCOF01LRQBC8hf4vhbVmI2CGS5aZnxLJlT5FtdhPCDFq80q++zK2KlrVorVDdL5BOGZ/VfLrVtYNF+Q==",
      "dev": true
    },
    "fsevents": {
      "version": "2.3.2",
      "resolved": "https://registry.npmjs.org/fsevents/-/fsevents-2.3.2.tgz",
      "integrity": "sha512-xiqMQR4xAeHTuB9uWm+fFRcIOgKBMiOBP+eXiyT7jsgVCq1bkVygt00oASowB7EdtpOHaaPgKt812P9ab+DDKA==",
      "dev": true,
      "optional": true
    },
    "make-error": {
      "version": "1.3.5",
      "resolved": "https://registry.npmjs.org/make-error/-/make-error-1.3.5.tgz",
      "integrity": "sha512-c3sIjNUow0+8swNwVpqoH4YCShKNFkMaw6oH1mNS2haDZQqkeZFlHS3dhoeEbKKmJB4vXpJucU6oH75aDYeE9g==",
      "dev": true
    },
    "source-map": {
      "version": "0.6.1",
      "resolved": "https://registry.npmjs.org/source-map/-/source-map-0.6.1.tgz",
      "integrity": "sha512-UjgapumWlbMhkBgzT7Ykc5YXUT46F0iKu8SGXq0bcwP5dz/h0Plj6enJqjz1Zbq2l5WaqYnrVbwWOWMyF3F47g=="
    },
    "source-map-support": {
      "version": "0.5.16",
      "resolved": "https://registry.npmjs.org/source-map-support/-/source-map-support-0.5.16.tgz",
      "integrity": "sha512-efyLRJDr68D9hBBNIPWFjhpFzURh+KJykQwvMyW5UiZzYwoF6l4YMMDIJJEyFWxWCqfyxLzz6tSfUFR+kXXsVQ==",
      "requires": {
        "buffer-from": "^1.0.0",
        "source-map": "^0.6.0"
      }
    },
    "ts-node": {
      "version": "8.5.4",
      "resolved": "https://registry.npmjs.org/ts-node/-/ts-node-8.5.4.tgz",
      "integrity": "sha512-izbVCRV68EasEPQ8MSIGBNK9dc/4sYJJKYA+IarMQct1RtEot6Xp0bXuClsbUSnKpg50ho+aOAx8en5c+y4OFw==",
      "dev": true,
      "requires": {
        "arg": "^4.1.0",
        "diff": "^4.0.1",
        "make-error": "^1.1.1",
        "source-map-support": "^0.5.6",
        "yn": "^3.0.0"
      }
    },
    "typescript": {
      "version": "3.7.3",
      "resolved": "https://registry.npmjs.org/typescript/-/typescript-3.7.3.tgz",
      "integrity": "sha512-Mcr/Qk7hXqFBXMN7p7Lusj1ktCBydylfQM/FZCk5glCNQJrCUKPkMHdo9R0MTFWsC/4kPFvDS0fDPvukfCkFsw==",
      "dev": true
    },
    "yn": {
      "version": "3.1.1",
      "resolved": "https://registry.npmjs.org/yn/-/yn-3.1.1.tgz",
      "integrity": "sha512-Ux4ygGWsu2c7isFWe8Yu1YluJmqVhxqK2cLXNQA5AcC3QfbGNpM7fu0Y8b/z16pXLnFxZYvWhd3fhBY9DLmC6Q==",
      "dev": true
    }
  }
}
